
Microsoft Visual Studio Solution File, Format Version 12.00
# Visual Studio 2012
Project("{F2A71F9B-5D33-465A-A702-920D77279786}") = "Website", "OpenSEO\Website\Website.fsproj", "{DDF9272F-697B-47D8-8F0D-531FC81BF09F}"
EndProject
Project("{FAE04EC0-301F-11D3-BF4B-00C04F79EFBC}") = "Web", "OpenSEO\Web\Web.csproj", "{0D3567BE-A108-4770-A598-1421A0616D85}"
EndProject
Project("{2150E333-8FDC-42A3-9474-1A3956D46DE8}") = ".nuget", ".nuget", "{5F6358C1-A4C9-499F-8510-6D9B8EDFA211}"
	ProjectSection(SolutionItems) = preProject
		.nuget\NuGet.Config = .nuget\NuGet.Config
		.nuget\NuGet.exe = .nuget\NuGet.exe
		.nuget\NuGet.targets = .nuget\NuGet.targets
	EndProjectSection
EndProject
Global
	GlobalSection(SolutionConfigurationPlatforms) = preSolution
		Debug|Any CPU = Debug|Any CPU
		Release|Any CPU = Release|Any CPU
	EndGlobalSection
	GlobalSection(ProjectConfigurationPlatforms) = postSolution
		{0D3567BE-A108-4770-A598-1421A0616D85}.Debug|Any CPU.ActiveCfg = Debug|Any CPU
		{0D3567BE-A108-4770-A598-1421A0616D85}.Debug|Any CPU.Build.0 = Debug|Any CPU
		{0D3567BE-A108-4770-A598-1421A0616D85}.Release|Any CPU.ActiveCfg = Release|Any CPU
		{0D3567BE-A108-4770-A598-1421A0616D85}.Release|Any CPU.Build.0 = Release|Any CPU
		{DDF9272F-697B-47D8-8F0D-531FC81BF09F}.Debug|Any CPU.ActiveCfg = Debug|Any CPU
		{DDF9272F-697B-47D8-8F0D-531FC81BF09F}.Debug|Any CPU.Build.0 = Debug|Any CPU
		{DDF9272F-697B-47D8-8F0D-531FC81BF09F}.Release|Any CPU.ActiveCfg = Release|Any CPU
		{DDF9272F-697B-47D8-8F0D-531FC81BF09F}.Release|Any CPU.Build.0 = Release|Any CPU
	EndGlobalSection
	GlobalSection(SolutionProperties) = preSolution
		HideSolutionNode = FALSE
	EndGlobalSection
EndGlobal
